
Microsoft Visual Studio Solution File, Format Version 12.00
# Visual Studio Version 16
VisualStudioVersion = 16.0.28803.352
MinimumVisualStudioVersion = 10.0.40219.1
Project("{FAE04EC0-301F-11D3-BF4B-00C04F79EFBC}") = "Registro_Usuario", "Registro_Usuario.csproj", "{111B79D3-9474-4B22-A56F-9C62B5B67BA1}"
EndProject
Global
	GlobalSection(SolutionConfigurationPlatforms) = preSolution
		Debug|Any CPU = Debug|Any CPU
		Release|Any CPU = Release|Any CPU
	EndGlobalSection
	GlobalSection(ProjectConfigurationPlatforms) = postSolution
		{111B79D3-9474-4B22-A56F-9C62B5B67BA1}.Debug|Any CPU.ActiveCfg = Debug|Any CPU
		{111B79D3-9474-4B22-A56F-9C62B5B67BA1}.Debug|Any CPU.Build.0 = Debug|Any CPU
		{111B79D3-9474-4B22-A56F-9C62B5B67BA1}.Release|Any CPU.ActiveCfg = Release|Any CPU
		{111B79D3-9474-4B22-A56F-9C62B5B67BA1}.Release|Any CPU.Build.0 = Release|Any CPU
	EndGlobalSection
	GlobalSection(SolutionProperties) = preSolution
		HideSolutionNode = FALSE
	EndGlobalSection
	GlobalSection(ExtensibilityGlobals) = postSolution
		SolutionGuid = {28DFEBC1-8E4B-4DAA-876E-DFA9F55CF8CA}
	EndGlobalSection
EndGlobal
